<?xml version="1.0" encoding="utf-8"?>
<Project ToolsVersion="4.0" xmlns="http://schemas.microsoft.com/developer/msbuild/2003">
  <ItemGroup>
    <Filter Include="Source Files">
      <UniqueIdentifier>{4FC737F1-C7A5-4376-A066-2A32D752A2FF}</UniqueIdentifier>
      <Extensions>cpp;c;cc;cxx;def;odl;idl;hpj;bat;asm;asmx</Extensions>
    </Filter>
    <Filter Include="Header Files">
      <UniqueIdentifier>{93995380-89BD-4b04-88EB-625FBE52EBFB}</UniqueIdentifier>
      <Extensions>h;hh;hpp;hxx;hm;inl;inc;xsd</Extensions>
    </Filter>
    <Filter Include="Resource Files">
      <UniqueIdentifier>{67DA6AB6-F800-4c08-8B7A-83BB121AAD01}</UniqueIdentifier>
      <Extensions>rc;ico;cur;bmp;dlg;rc2;rct;bin;rgs;gif;jpg;jpeg;jpe;resx;tiff;tif;png;wav;mfcribbon-ms</Extensions>
    </Filter>
    <Filter Include="Core">
      <UniqueIdentifier>{4d3ed1e4-11a3-4305-a434-e73ecd7a2f0b}</UniqueIdentifier>
    </Filter>
    <Filter Include="Shaders">
      <UniqueIdentifier>{0edb1296-063c-4036-84f8-a10c5907c42b}</UniqueIdentifier>
    </Filter>
    <Filter Include="Source Files\Singletons">
      <UniqueIdentifier>{0d46cc16-27c3-4091-b60d-cbab1243f812}</UniqueIdentifier>
    </Filter>
    <Filter Include="Source Files\Renderables">
      <UniqueIdentifier>{49cf46aa-65dd-47cf-81d1-c1428e2b8ace}</UniqueIdentifier>
    </Filter>
  </ItemGroup>
  <ItemGroup>
    <ClCompile Include="main.cpp">
      <Filter>Source Files</Filter>
    </ClCompile>
    <ClCompile Include="Shader_Loader.cpp">
      <Filter>Core</Filter>
    </ClCompile>
    <ClCompile Include="Renderable.cpp">
      <Filter>Source Files\Renderables</Filter>
    </ClCompile>
    <ClCompile Include="Triangle.cpp">
      <Filter>Source Files\Renderables</Filter>
    </ClCompile>
    <ClCompile Include="Time.cpp">
      <Filter>Source Files\Singletons</Filter>
    </ClCompile>
    <ClCompile Include="Behaviour.cpp">
      <Filter>Source Files</Filter>
    </ClCompile>
    <ClCompile Include="BehaviourDirector.cpp">
      <Filter>Source Files\Singletons</Filter>
    </ClCompile>
  </ItemGroup>
  <ItemGroup>
    <ClInclude Include="Shader_Loader.h">
      <Filter>Core</Filter>
    </ClInclude>
    <ClInclude Include="Renderable.h">
      <Filter>Source Files\Renderables</Filter>
    </ClInclude>
    <ClInclude Include="Triangle.h">
      <Filter>Source Files\Renderables</Filter>
    </ClInclude>
    <ClInclude Include="Time.h">
      <Filter>Source Files\Singletons</Filter>
    </ClInclude>
    <ClInclude Include="Behaviour.h">
      <Filter>Source Files</Filter>
    </ClInclude>
    <ClInclude Include="BehaviourDirector.h">
      <Filter>Source Files\Singletons</Filter>
    </ClInclude>
  </ItemGroup>
  <ItemGroup>
    <None Include="Vertex_Shader.glsl">
      <Filter>Shaders</Filter>
    </None>
    <None Include="Fragment_Shader.glsl">
      <Filter>Shaders</Filter>
    </None>
  </ItemGroup>
</Project>